
Microsoft Visual Studio Solution File, Format Version 12.00
# Visual Studio Version 16
VisualStudioVersion = 16.0.31005.135
MinimumVisualStudioVersion = 10.0.40219.1
Project("{FAE04EC0-301F-11D3-BF4B-00C04F79EFBC}") = "ClassDemoStateMachines", "ClassDemoStateMachines\ClassDemoStateMachines.csproj", "{179F533C-8252-499D-A66E-68BD4DBB8CFA}"
EndProject
Global
	GlobalSection(SolutionConfigurationPlatforms) = preSolution
		Debug|Any CPU = Debug|Any CPU
		Release|Any CPU = Release|Any CPU
	EndGlobalSection
	GlobalSection(ProjectConfigurationPlatforms) = postSolution
		{179F533C-8252-499D-A66E-68BD4DBB8CFA}.Debug|Any CPU.ActiveCfg = Debug|Any CPU
		{179F533C-8252-499D-A66E-68BD4DBB8CFA}.Debug|Any CPU.Build.0 = Debug|Any CPU
		{179F533C-8252-499D-A66E-68BD4DBB8CFA}.Release|Any CPU.ActiveCfg = Release|Any CPU
		{179F533C-8252-499D-A66E-68BD4DBB8CFA}.Release|Any CPU.Build.0 = Release|Any CPU
	EndGlobalSection
	GlobalSection(SolutionProperties) = preSolution
		HideSolutionNode = FALSE
	EndGlobalSection
	GlobalSection(ExtensibilityGlobals) = postSolution
		SolutionGuid = {670260C5-D4BD-4B31-97EB-5C1B543277A6}
	EndGlobalSection
EndGlobal
